
Microsoft Visual Studio Solution File, Format Version 12.00
# Visual Studio 2012
Project("{8BC9CEB8-8B4A-11D0-8D11-00A0C91BC942}") = "FaceLandmarks", "FaceLandmarksDetection\FaceLandmarksDetection.vcxproj", "{63FDCFA0-F1F4-4599-A45A-3E8058F61E1B}"
EndProject
Project("{8BC9CEB8-8B4A-11D0-8D11-00A0C91BC942}") = "FaceLandmarksTraining", "FaceLandmarksTraining\FaceLandmarksTraining.vcxproj", "{15D58FEC-DA2B-41E7-8B2B-F2B529CE23B8}"
EndProject
Global
	GlobalSection(SolutionConfigurationPlatforms) = preSolution
		Debug|Win32 = Debug|Win32
		Release|Win32 = Release|Win32
	EndGlobalSection
	GlobalSection(ProjectConfigurationPlatforms) = postSolution
		{63FDCFA0-F1F4-4599-A45A-3E8058F61E1B}.Debug|Win32.ActiveCfg = Debug|Win32
		{63FDCFA0-F1F4-4599-A45A-3E8058F61E1B}.Debug|Win32.Build.0 = Debug|Win32
		{63FDCFA0-F1F4-4599-A45A-3E8058F61E1B}.Release|Win32.ActiveCfg = Release|Win32
		{63FDCFA0-F1F4-4599-A45A-3E8058F61E1B}.Release|Win32.Build.0 = Release|Win32
		{15D58FEC-DA2B-41E7-8B2B-F2B529CE23B8}.Debug|Win32.ActiveCfg = Debug|Win32
		{15D58FEC-DA2B-41E7-8B2B-F2B529CE23B8}.Debug|Win32.Build.0 = Debug|Win32
		{15D58FEC-DA2B-41E7-8B2B-F2B529CE23B8}.Release|Win32.ActiveCfg = Release|Win32
		{15D58FEC-DA2B-41E7-8B2B-F2B529CE23B8}.Release|Win32.Build.0 = Release|Win32
	EndGlobalSection
	GlobalSection(SolutionProperties) = preSolution
		HideSolutionNode = FALSE
	EndGlobalSection
EndGlobal
